
Microsoft Visual Studio Solution File, Format Version 12.00
# Visual Studio Version 17
VisualStudioVersion = 17.4.33213.308
MinimumVisualStudioVersion = 10.0.40219.1
Project("{FAE04EC0-301F-11D3-BF4B-00C04F79EFBC}") = "SwitchCaseDefaultBreak", "SwitchCaseDefaultBreak\SwitchCaseDefaultBreak.csproj", "{52B1117C-C00E-4862-B5A8-7E38EC155DCE}"
EndProject
Global
	GlobalSection(SolutionConfigurationPlatforms) = preSolution
		Debug|Any CPU = Debug|Any CPU
		Release|Any CPU = Release|Any CPU
	EndGlobalSection
	GlobalSection(ProjectConfigurationPlatforms) = postSolution
		{52B1117C-C00E-4862-B5A8-7E38EC155DCE}.Debug|Any CPU.ActiveCfg = Debug|Any CPU
		{52B1117C-C00E-4862-B5A8-7E38EC155DCE}.Debug|Any CPU.Build.0 = Debug|Any CPU
		{52B1117C-C00E-4862-B5A8-7E38EC155DCE}.Release|Any CPU.ActiveCfg = Release|Any CPU
		{52B1117C-C00E-4862-B5A8-7E38EC155DCE}.Release|Any CPU.Build.0 = Release|Any CPU
	EndGlobalSection
	GlobalSection(SolutionProperties) = preSolution
		HideSolutionNode = FALSE
	EndGlobalSection
	GlobalSection(ExtensibilityGlobals) = postSolution
		SolutionGuid = {2599503B-BA06-4E5E-9146-30F68F9B11B1}
	EndGlobalSection
EndGlobal
